
Microsoft Visual Studio Solution File, Format Version 12.00
Project("{FAE04EC0-301F-11D3-BF4B-00C04F79EFBC}") = "RSPeer.Api", "RSPeer.Api\RSPeer.Api.csproj", "{10506DC0-17DC-4D39-A0E3-E709514C0B6D}"
EndProject
Project("{2150E333-8FDC-42A3-9474-1A3956D46DE8}") = "Presentation", "Presentation", "{DD8E005B-1ED3-45BF-8431-4EEFE8E3D5D6}"
EndProject
Project("{2150E333-8FDC-42A3-9474-1A3956D46DE8}") = "Core", "Core", "{C8F50B00-2E0A-4028-A620-C698C0D30E2C}"
EndProject
Project("{FAE04EC0-301F-11D3-BF4B-00C04F79EFBC}") = "RSPeer.Application", "RSPeer.Application\RSPeer.Application.csproj", "{E3F032AD-6AA1-4250-B935-812542921434}"
EndProject
Project("{FAE04EC0-301F-11D3-BF4B-00C04F79EFBC}") = "RSPeer.Domain", "RSPeer.Domain\RSPeer.Domain.csproj", "{4983EF4C-E6ED-41F1-8676-E882150B13E7}"
EndProject
Project("{FAE04EC0-301F-11D3-BF4B-00C04F79EFBC}") = "RSPeer.Common", "RSPeer.Common\RSPeer.Common.csproj", "{F40AA24F-7F53-46C7-B017-2BB8164267E0}"
EndProject
Project("{2150E333-8FDC-42A3-9474-1A3956D46DE8}") = "Common", "Common", "{50CBC170-F121-411F-8D5F-F15949437E37}"
EndProject
Project("{2150E333-8FDC-42A3-9474-1A3956D46DE8}") = "Infastructure", "Infastructure", "{142BEC1C-3E27-401F-899C-2C41B676AFDA}"
EndProject
Project("{FAE04EC0-301F-11D3-BF4B-00C04F79EFBC}") = "RSPeer.Persistence", "RSPeer.Persistence\RSPeer.Persistence.csproj", "{B71C2B19-6D30-4FC5-832A-0897FCDE6F41}"
EndProject
Project("{FAE04EC0-301F-11D3-BF4B-00C04F79EFBC}") = "RSPeer.Infrastructure", "RSPeer.Infrastructure\RSPeer.Infrastructure.csproj", "{BCD4D514-FC60-4401-9F5D-7F6E600BD4A4}"
EndProject
Project("{2150E333-8FDC-42A3-9474-1A3956D46DE8}") = "Migration", "Migration", "{8E66659E-E21C-4257-B0DF-F5F77DBBD964}"
EndProject
Project("{FAE04EC0-301F-11D3-BF4B-00C04F79EFBC}") = "RSPeer.ForumsMigration", "RSPeer.ForumsMigration\RSPeer.ForumsMigration.csproj", "{4BC5FF5F-B267-41FC-A36D-58785A4BE3F1}"
EndProject
Global
	GlobalSection(SolutionConfigurationPlatforms) = preSolution
		Debug|Any CPU = Debug|Any CPU
		Release|Any CPU = Release|Any CPU
	EndGlobalSection
	GlobalSection(ProjectConfigurationPlatforms) = postSolution
		{10506DC0-17DC-4D39-A0E3-E709514C0B6D}.Debug|Any CPU.ActiveCfg = Debug|Any CPU
		{10506DC0-17DC-4D39-A0E3-E709514C0B6D}.Debug|Any CPU.Build.0 = Debug|Any CPU
		{10506DC0-17DC-4D39-A0E3-E709514C0B6D}.Release|Any CPU.ActiveCfg = Release|Any CPU
		{10506DC0-17DC-4D39-A0E3-E709514C0B6D}.Release|Any CPU.Build.0 = Release|Any CPU
		{E3F032AD-6AA1-4250-B935-812542921434}.Debug|Any CPU.ActiveCfg = Debug|Any CPU
		{E3F032AD-6AA1-4250-B935-812542921434}.Debug|Any CPU.Build.0 = Debug|Any CPU
		{E3F032AD-6AA1-4250-B935-812542921434}.Release|Any CPU.ActiveCfg = Release|Any CPU
		{E3F032AD-6AA1-4250-B935-812542921434}.Release|Any CPU.Build.0 = Release|Any CPU
		{4983EF4C-E6ED-41F1-8676-E882150B13E7}.Debug|Any CPU.ActiveCfg = Debug|Any CPU
		{4983EF4C-E6ED-41F1-8676-E882150B13E7}.Debug|Any CPU.Build.0 = Debug|Any CPU
		{4983EF4C-E6ED-41F1-8676-E882150B13E7}.Release|Any CPU.ActiveCfg = Release|Any CPU
		{4983EF4C-E6ED-41F1-8676-E882150B13E7}.Release|Any CPU.Build.0 = Release|Any CPU
		{F40AA24F-7F53-46C7-B017-2BB8164267E0}.Debug|Any CPU.ActiveCfg = Debug|Any CPU
		{F40AA24F-7F53-46C7-B017-2BB8164267E0}.Debug|Any CPU.Build.0 = Debug|Any CPU
		{F40AA24F-7F53-46C7-B017-2BB8164267E0}.Release|Any CPU.ActiveCfg = Release|Any CPU
		{F40AA24F-7F53-46C7-B017-2BB8164267E0}.Release|Any CPU.Build.0 = Release|Any CPU
		{B71C2B19-6D30-4FC5-832A-0897FCDE6F41}.Debug|Any CPU.ActiveCfg = Debug|Any CPU
		{B71C2B19-6D30-4FC5-832A-0897FCDE6F41}.Debug|Any CPU.Build.0 = Debug|Any CPU
		{B71C2B19-6D30-4FC5-832A-0897FCDE6F41}.Release|Any CPU.ActiveCfg = Release|Any CPU
		{B71C2B19-6D30-4FC5-832A-0897FCDE6F41}.Release|Any CPU.Build.0 = Release|Any CPU
		{BCD4D514-FC60-4401-9F5D-7F6E600BD4A4}.Debug|Any CPU.ActiveCfg = Debug|Any CPU
		{BCD4D514-FC60-4401-9F5D-7F6E600BD4A4}.Debug|Any CPU.Build.0 = Debug|Any CPU
		{BCD4D514-FC60-4401-9F5D-7F6E600BD4A4}.Release|Any CPU.ActiveCfg = Release|Any CPU
		{BCD4D514-FC60-4401-9F5D-7F6E600BD4A4}.Release|Any CPU.Build.0 = Release|Any CPU
		{4BC5FF5F-B267-41FC-A36D-58785A4BE3F1}.Debug|Any CPU.ActiveCfg = Debug|Any CPU
		{4BC5FF5F-B267-41FC-A36D-58785A4BE3F1}.Debug|Any CPU.Build.0 = Debug|Any CPU
		{4BC5FF5F-B267-41FC-A36D-58785A4BE3F1}.Release|Any CPU.ActiveCfg = Release|Any CPU
		{4BC5FF5F-B267-41FC-A36D-58785A4BE3F1}.Release|Any CPU.Build.0 = Release|Any CPU
	EndGlobalSection
	GlobalSection(NestedProjects) = preSolution
		{10506DC0-17DC-4D39-A0E3-E709514C0B6D} = {DD8E005B-1ED3-45BF-8431-4EEFE8E3D5D6}
		{E3F032AD-6AA1-4250-B935-812542921434} = {C8F50B00-2E0A-4028-A620-C698C0D30E2C}
		{4983EF4C-E6ED-41F1-8676-E882150B13E7} = {C8F50B00-2E0A-4028-A620-C698C0D30E2C}
		{F40AA24F-7F53-46C7-B017-2BB8164267E0} = {50CBC170-F121-411F-8D5F-F15949437E37}
		{B71C2B19-6D30-4FC5-832A-0897FCDE6F41} = {142BEC1C-3E27-401F-899C-2C41B676AFDA}
		{BCD4D514-FC60-4401-9F5D-7F6E600BD4A4} = {142BEC1C-3E27-401F-899C-2C41B676AFDA}
		{4BC5FF5F-B267-41FC-A36D-58785A4BE3F1} = {8E66659E-E21C-4257-B0DF-F5F77DBBD964}
	EndGlobalSection
EndGlobal
